
Microsoft Visual Studio Solution File, Format Version 12.00
# Visual Studio Version 16
VisualStudioVersion = 16.0.30621.155
MinimumVisualStudioVersion = 10.0.40219.1
Project("{FAE04EC0-301F-11D3-BF4B-00C04F79EFBC}") = "Project1", "Project1\Project1.csproj", "{CE3AAF9F-7321-42C2-8D28-531CE47BC1EC}"
EndProject
Global
	GlobalSection(SolutionConfigurationPlatforms) = preSolution
		Debug|Any CPU = Debug|Any CPU
		Release|Any CPU = Release|Any CPU
	EndGlobalSection
	GlobalSection(ProjectConfigurationPlatforms) = postSolution
		{CE3AAF9F-7321-42C2-8D28-531CE47BC1EC}.Debug|Any CPU.ActiveCfg = Debug|Any CPU
		{CE3AAF9F-7321-42C2-8D28-531CE47BC1EC}.Debug|Any CPU.Build.0 = Debug|Any CPU
		{CE3AAF9F-7321-42C2-8D28-531CE47BC1EC}.Release|Any CPU.ActiveCfg = Release|Any CPU
		{CE3AAF9F-7321-42C2-8D28-531CE47BC1EC}.Release|Any CPU.Build.0 = Release|Any CPU
	EndGlobalSection
	GlobalSection(SolutionProperties) = preSolution
		HideSolutionNode = FALSE
	EndGlobalSection
	GlobalSection(ExtensibilityGlobals) = postSolution
		SolutionGuid = {BB9E3EE2-463F-4A7E-8DBE-1036C474820F}
	EndGlobalSection
EndGlobal
